
Microsoft Visual Studio Solution File, Format Version 12.00
# Visual Studio 15
VisualStudioVersion = 15.0.28010.2026
MinimumVisualStudioVersion = 10.0.40219.1
Project("{FAE04EC0-301F-11D3-BF4B-00C04F79EFBC}") = "QLNS", "QLNS\QLNS.csproj", "{FD842036-E50A-4C05-9469-91A1A603CAF0}"
EndProject
Global
	GlobalSection(SolutionConfigurationPlatforms) = preSolution
		Debug|Any CPU = Debug|Any CPU
		Debug|x86 = Debug|x86
		Release|Any CPU = Release|Any CPU
		Release|x86 = Release|x86
	EndGlobalSection
	GlobalSection(ProjectConfigurationPlatforms) = postSolution
		{FD842036-E50A-4C05-9469-91A1A603CAF0}.Debug|Any CPU.ActiveCfg = Debug|Any CPU
		{FD842036-E50A-4C05-9469-91A1A603CAF0}.Debug|Any CPU.Build.0 = Debug|Any CPU
		{FD842036-E50A-4C05-9469-91A1A603CAF0}.Debug|x86.ActiveCfg = Debug|x86
		{FD842036-E50A-4C05-9469-91A1A603CAF0}.Debug|x86.Build.0 = Debug|x86
		{FD842036-E50A-4C05-9469-91A1A603CAF0}.Release|Any CPU.ActiveCfg = Release|Any CPU
		{FD842036-E50A-4C05-9469-91A1A603CAF0}.Release|Any CPU.Build.0 = Release|Any CPU
		{FD842036-E50A-4C05-9469-91A1A603CAF0}.Release|x86.ActiveCfg = Release|x86
		{FD842036-E50A-4C05-9469-91A1A603CAF0}.Release|x86.Build.0 = Release|x86
	EndGlobalSection
	GlobalSection(SolutionProperties) = preSolution
		HideSolutionNode = FALSE
	EndGlobalSection
	GlobalSection(ExtensibilityGlobals) = postSolution
		SolutionGuid = {4BD884BF-92A3-43DE-A328-DCCB344A5E80}
	EndGlobalSection
EndGlobal
